
Microsoft Visual Studio Solution File, Format Version 12.00
# Visual Studio Version 17
VisualStudioVersion = 17.14.36203.30
MinimumVisualStudioVersion = 10.0.40219.1
Project("{FAE04EC0-301F-11D3-BF4B-00C04F79EFBC}") = "WindowsFormsHospital", "WindowsFormsHospital\WindowsFormsHospital.csproj", "{195FCFC6-6B4B-4ECE-B3BE-AA7B1B0EC3CD}"
EndProject
Project("{FAE04EC0-301F-11D3-BF4B-00C04F79EFBC}") = "ConexionSql", "ConexionSql\ConexionSql.csproj", "{0D5ABE0C-9ADB-456A-8425-79F4C477462A}"
EndProject
Global
	GlobalSection(SolutionConfigurationPlatforms) = preSolution
		Debug|Any CPU = Debug|Any CPU
		Release|Any CPU = Release|Any CPU
	EndGlobalSection
	GlobalSection(ProjectConfigurationPlatforms) = postSolution
		{195FCFC6-6B4B-4ECE-B3BE-AA7B1B0EC3CD}.Debug|Any CPU.ActiveCfg = Debug|Any CPU
		{195FCFC6-6B4B-4ECE-B3BE-AA7B1B0EC3CD}.Debug|Any CPU.Build.0 = Debug|Any CPU
		{195FCFC6-6B4B-4ECE-B3BE-AA7B1B0EC3CD}.Release|Any CPU.ActiveCfg = Release|Any CPU
		{195FCFC6-6B4B-4ECE-B3BE-AA7B1B0EC3CD}.Release|Any CPU.Build.0 = Release|Any CPU
		{0D5ABE0C-9ADB-456A-8425-79F4C477462A}.Debug|Any CPU.ActiveCfg = Debug|Any CPU
		{0D5ABE0C-9ADB-456A-8425-79F4C477462A}.Debug|Any CPU.Build.0 = Debug|Any CPU
		{0D5ABE0C-9ADB-456A-8425-79F4C477462A}.Release|Any CPU.ActiveCfg = Release|Any CPU
		{0D5ABE0C-9ADB-456A-8425-79F4C477462A}.Release|Any CPU.Build.0 = Release|Any CPU
	EndGlobalSection
	GlobalSection(SolutionProperties) = preSolution
		HideSolutionNode = FALSE
	EndGlobalSection
	GlobalSection(ExtensibilityGlobals) = postSolution
		SolutionGuid = {BE8D319B-FB81-4E59-B559-0ED4CAD0EB1E}
	EndGlobalSection
EndGlobal
